
Microsoft Visual Studio Solution File, Format Version 12.00
# Visual Studio Version 16
VisualStudioVersion = 16.0.30225.117
MinimumVisualStudioVersion = 10.0.40219.1
Project("{FAE04EC0-301F-11D3-BF4B-00C04F79EFBC}") = "minesweeper", "minesweeper\minesweeper.csproj", "{2B7204B7-89E9-4571-809A-721EF4E44E57}"
EndProject
Global
	GlobalSection(SolutionConfigurationPlatforms) = preSolution
		Debug|Any CPU = Debug|Any CPU
		Release|Any CPU = Release|Any CPU
	EndGlobalSection
	GlobalSection(ProjectConfigurationPlatforms) = postSolution
		{2B7204B7-89E9-4571-809A-721EF4E44E57}.Debug|Any CPU.ActiveCfg = Debug|Any CPU
		{2B7204B7-89E9-4571-809A-721EF4E44E57}.Debug|Any CPU.Build.0 = Debug|Any CPU
		{2B7204B7-89E9-4571-809A-721EF4E44E57}.Release|Any CPU.ActiveCfg = Release|Any CPU
		{2B7204B7-89E9-4571-809A-721EF4E44E57}.Release|Any CPU.Build.0 = Release|Any CPU
	EndGlobalSection
	GlobalSection(SolutionProperties) = preSolution
		HideSolutionNode = FALSE
	EndGlobalSection
	GlobalSection(ExtensibilityGlobals) = postSolution
		SolutionGuid = {686D081A-8191-461D-BFD9-34D683BD1A0A}
	EndGlobalSection
EndGlobal
